
Microsoft Visual Studio Solution File, Format Version 12.00
# Visual Studio Version 16
VisualStudioVersion = 16.0.30011.22
MinimumVisualStudioVersion = 10.0.40219.1
Project("{FAE04EC0-301F-11D3-BF4B-00C04F79EFBC}") = "Knight Tour", "Knight Tour\Knight Tour.csproj", "{454A3B77-0846-41A2-B7B6-52A0BA64DFE5}"
EndProject
Global
	GlobalSection(SolutionConfigurationPlatforms) = preSolution
		Debug|Any CPU = Debug|Any CPU
		Release|Any CPU = Release|Any CPU
	EndGlobalSection
	GlobalSection(ProjectConfigurationPlatforms) = postSolution
		{454A3B77-0846-41A2-B7B6-52A0BA64DFE5}.Debug|Any CPU.ActiveCfg = Debug|Any CPU
		{454A3B77-0846-41A2-B7B6-52A0BA64DFE5}.Debug|Any CPU.Build.0 = Debug|Any CPU
		{454A3B77-0846-41A2-B7B6-52A0BA64DFE5}.Release|Any CPU.ActiveCfg = Release|Any CPU
		{454A3B77-0846-41A2-B7B6-52A0BA64DFE5}.Release|Any CPU.Build.0 = Release|Any CPU
	EndGlobalSection
	GlobalSection(SolutionProperties) = preSolution
		HideSolutionNode = FALSE
	EndGlobalSection
	GlobalSection(ExtensibilityGlobals) = postSolution
		SolutionGuid = {3353E161-C36D-420F-9987-4541C2681090}
	EndGlobalSection
EndGlobal
